// !$*UTF8*$!
{
	archiveVersion = 1;
	classes = {
	};
	objectVersion = 56;
	objects = {

/* Begin PBXBuildFile section */
		4D0CC2AF2A8127220054D939 /* Localizable.strings in Resources */ = {isa = PBXBuildFile; fileRef = 4D0CC2B12A8127220054D939 /* Localizable.strings */; };
		4D0CC2B62A8127CB0054D939 /* Localizable.swift in Sources */ = {isa = PBXBuildFile; fileRef = 4D0CC2B42A8127CA0054D939 /* Localizable.swift */; };
		4D0CC2B72A8127CB0054D939 /* Assets.swift in Sources */ = {isa = PBXBuildFile; fileRef = 4D0CC2B52A8127CB0054D939 /* Assets.swift */; };
		4D0CC2BC2A826E760054D939 /* Common.xcconfig in Resources */ = {isa = PBXBuildFile; fileRef = 4D0CC2B92A826E760054D939 /* Common.xcconfig */; };
		4D0CC2BD2A826E760054D939 /* Development.xcconfig in Resources */ = {isa = PBXBuildFile; fileRef = 4D0CC2BA2A826E760054D939 /* Development.xcconfig */; };
		4D0CC2BE2A826E760054D939 /* Production.xcconfig in Resources */ = {isa = PBXBuildFile; fileRef = 4D0CC2BB2A826E760054D939 /* Production.xcconfig */; };
		4DA3699E2A88748900DCEB1F /* BouncyLayout.swift in Sources */ = {isa = PBXBuildFile; fileRef = 4DA369842A88748900DCEB1F /* BouncyLayout.swift */; };
		4DA3699F2A88748900DCEB1F /* LoadingCircleView.swift in Sources */ = {isa = PBXBuildFile; fileRef = 4DA369862A88748900DCEB1F /* LoadingCircleView.swift */; };
		4DA369A02A88748900DCEB1F /* LoadingHud.swift in Sources */ = {isa = PBXBuildFile; fileRef = 4DA369872A88748900DCEB1F /* LoadingHud.swift */; };
		4DA369A12A88748900DCEB1F /* UIFont+.swift in Sources */ = {isa = PBXBuildFile; fileRef = 4DA369892A88748900DCEB1F /* UIFont+.swift */; };
		4DA369A22A88748900DCEB1F /* UIImageView+.swift in Sources */ = {isa = PBXBuildFile; fileRef = 4DA3698A2A88748900DCEB1F /* UIImageView+.swift */; };
		4DA369A32A88748900DCEB1F /* UIViewController+.swift in Sources */ = {isa = PBXBuildFile; fileRef = 4DA3698B2A88748900DCEB1F /* UIViewController+.swift */; };
		4DA369A42A88748900DCEB1F /* UICollectionView+.swift in Sources */ = {isa = PBXBuildFile; fileRef = 4DA3698C2A88748900DCEB1F /* UICollectionView+.swift */; };
		4DA369A52A88748900DCEB1F /* Date+.swift in Sources */ = {isa = PBXBuildFile; fileRef = 4DA3698D2A88748900DCEB1F /* Date+.swift */; };
		4DA369A62A88748900DCEB1F /* UIApplication+.swift in Sources */ = {isa = PBXBuildFile; fileRef = 4DA3698E2A88748900DCEB1F /* UIApplication+.swift */; };
		4DA369A72A88748900DCEB1F /* Constant.swift in Sources */ = {isa = PBXBuildFile; fileRef = 4DA369902A88748900DCEB1F /* Constant.swift */; };
		4DA369A82A88748900DCEB1F /* Storyboard.swift in Sources */ = {isa = PBXBuildFile; fileRef = 4DA369912A88748900DCEB1F /* Storyboard.swift */; };
		4DA369A92A88748900DCEB1F /* EnumDefine.swift in Sources */ = {isa = PBXBuildFile; fileRef = 4DA369922A88748900DCEB1F /* EnumDefine.swift */; };
		4DA369AA2A88748900DCEB1F /* AppConfig.swift in Sources */ = {isa = PBXBuildFile; fileRef = 4DA369932A88748900DCEB1F /* AppConfig.swift */; };
		4DA369AB2A88748900DCEB1F /* LocalizableString.swift in Sources */ = {isa = PBXBuildFile; fileRef = 4DA369952A88748900DCEB1F /* LocalizableString.swift */; };
		4DA369AC2A88748900DCEB1F /* Log.swift in Sources */ = {isa = PBXBuildFile; fileRef = 4DA369962A88748900DCEB1F /* Log.swift */; };
		4DA369AD2A88748900DCEB1F /* ViewManager.swift in Sources */ = {isa = PBXBuildFile; fileRef = 4DA369972A88748900DCEB1F /* ViewManager.swift */; };
		4DA369AE2A88748900DCEB1F /* AppShareData.swift in Sources */ = {isa = PBXBuildFile; fileRef = 4DA369982A88748900DCEB1F /* AppShareData.swift */; };
		4DA369AF2A88748900DCEB1F /* NumberUtil.swift in Sources */ = {isa = PBXBuildFile; fileRef = 4DA369992A88748900DCEB1F /* NumberUtil.swift */; };
		4DA369B02A88748900DCEB1F /* ApplicationUtil.swift in Sources */ = {isa = PBXBuildFile; fileRef = 4DA3699A2A88748900DCEB1F /* ApplicationUtil.swift */; };
		4DB1C6D42A8A13550011C8DD /* API.swift in Sources */ = {isa = PBXBuildFile; fileRef = 4DB1C6D22A8A13550011C8DD /* API.swift */; };
		4DB1C6D52A8A13550011C8DD /* PhotoAPI.swift in Sources */ = {isa = PBXBuildFile; fileRef = 4DB1C6D32A8A13550011C8DD /* PhotoAPI.swift */; };
		4DB1C7362A8B00EF0011C8DD /* TopCollectionDataSource.swift in Sources */ = {isa = PBXBuildFile; fileRef = 4DB1C7262A8B00EF0011C8DD /* TopCollectionDataSource.swift */; };
		4DB1C7372A8B00EF0011C8DD /* TopViewModel.swift in Sources */ = {isa = PBXBuildFile; fileRef = 4DB1C7282A8B00EF0011C8DD /* TopViewModel.swift */; };
		4DB1C7382A8B00EF0011C8DD /* TopViewController.swift in Sources */ = {isa = PBXBuildFile; fileRef = 4DB1C7292A8B00EF0011C8DD /* TopViewController.swift */; };
		4DB1C7392A8B00EF0011C8DD /* Top.storyboard in Resources */ = {isa = PBXBuildFile; fileRef = 4DB1C72A2A8B00EF0011C8DD /* Top.storyboard */; };
		4DB1C73A2A8B00EF0011C8DD /* PhotoCollectionViewCell.xib in Resources */ = {isa = PBXBuildFile; fileRef = 4DB1C72C2A8B00EF0011C8DD /* PhotoCollectionViewCell.xib */; };
		4DB1C73B2A8B00EF0011C8DD /* PhotoCollectionViewCell.swift in Sources */ = {isa = PBXBuildFile; fileRef = 4DB1C72D2A8B00EF0011C8DD /* PhotoCollectionViewCell.swift */; };
		4DB1C73C2A8B00EF0011C8DD /* SettingViewController.swift in Sources */ = {isa = PBXBuildFile; fileRef = 4DB1C72F2A8B00EF0011C8DD /* SettingViewController.swift */; };
		4DB1C73D2A8B00EF0011C8DD /* Setting.storyboard in Resources */ = {isa = PBXBuildFile; fileRef = 4DB1C7302A8B00EF0011C8DD /* Setting.storyboard */; };
		4DB1C73E2A8B00EF0011C8DD /* BaseViewController.swift in Sources */ = {isa = PBXBuildFile; fileRef = 4DB1C7322A8B00EF0011C8DD /* BaseViewController.swift */; };
		4DB1C73F2A8B00EF0011C8DD /* BaseNavigationViewController.swift in Sources */ = {isa = PBXBuildFile; fileRef = 4DB1C7332A8B00EF0011C8DD /* BaseNavigationViewController.swift */; };
		4DB1C7402A8B00EF0011C8DD /* MainViewController.swift in Sources */ = {isa = PBXBuildFile; fileRef = 4DB1C7342A8B00EF0011C8DD /* MainViewController.swift */; };
		4DB1C7412A8B00EF0011C8DD /* BaseView.swift in Sources */ = {isa = PBXBuildFile; fileRef = 4DB1C7352A8B00EF0011C8DD /* BaseView.swift */; };
		4DCA25042A7F9D4D0023DBA6 /* AppDelegate.swift in Sources */ = {isa = PBXBuildFile; fileRef = 4DCA25032A7F9D4D0023DBA6 /* AppDelegate.swift */; };
		4DCA250D2A7F9D4F0023DBA6 /* Assets.xcassets in Resources */ = {isa = PBXBuildFile; fileRef = 4DCA250C2A7F9D4F0023DBA6 /* Assets.xcassets */; };
		4DCA25102A7F9D4F0023DBA6 /* LaunchScreen.storyboard in Resources */ = {isa = PBXBuildFile; fileRef = 4DCA250E2A7F9D4F0023DBA6 /* LaunchScreen.storyboard */; };
		95FEBDCDB0ABD8B4AE861DE0 /* Pods_MVPBasic.framework in Frameworks */ = {isa = PBXBuildFile; fileRef = 8F06B29D5966D3DC71854E72 /* Pods_MVPBasic.framework */; };
/* End PBXBuildFile section */

/* Begin PBXFileReference section */
		103E8EEE667F112F13D1E64D /* Pods-MVPBasic.release.xcconfig */ = {isa = PBXFileReference; includeInIndex = 1; lastKnownFileType = text.xcconfig; name = "Pods-MVPBasic.release.xcconfig"; path = "Target Support Files/Pods-MVPBasic/Pods-MVPBasic.release.xcconfig"; sourceTree = "<group>"; };
		4D0CC2B02A8127220054D939 /* en */ = {isa = PBXFileReference; lastKnownFileType = text.plist.strings; name = en; path = en.lproj/Localizable.strings; sourceTree = "<group>"; };
		4D0CC2B22A8127250054D939 /* ja */ = {isa = PBXFileReference; lastKnownFileType = text.plist.strings; name = ja; path = ja.lproj/Localizable.strings; sourceTree = "<group>"; };
		4D0CC2B42A8127CA0054D939 /* Localizable.swift */ = {isa = PBXFileReference; fileEncoding = 4; lastKnownFileType = sourcecode.swift; path = Localizable.swift; sourceTree = "<group>"; };
		4D0CC2B52A8127CB0054D939 /* Assets.swift */ = {isa = PBXFileReference; fileEncoding = 4; lastKnownFileType = sourcecode.swift; path = Assets.swift; sourceTree = "<group>"; };
		4D0CC2B92A826E760054D939 /* Common.xcconfig */ = {isa = PBXFileReference; fileEncoding = 4; lastKnownFileType = text.xcconfig; path = Common.xcconfig; sourceTree = "<group>"; };
		4D0CC2BA2A826E760054D939 /* Development.xcconfig */ = {isa = PBXFileReference; fileEncoding = 4; lastKnownFileType = text.xcconfig; path = Development.xcconfig; sourceTree = "<group>"; };
		4D0CC2BB2A826E760054D939 /* Production.xcconfig */ = {isa = PBXFileReference; fileEncoding = 4; lastKnownFileType = text.xcconfig; path = Production.xcconfig; sourceTree = "<group>"; };
		4DA369842A88748900DCEB1F /* BouncyLayout.swift */ = {isa = PBXFileReference; fileEncoding = 4; lastKnownFileType = sourcecode.swift; path = BouncyLayout.swift; sourceTree = "<group>"; };
		4DA369862A88748900DCEB1F /* LoadingCircleView.swift */ = {isa = PBXFileReference; fileEncoding = 4; lastKnownFileType = sourcecode.swift; path = LoadingCircleView.swift; sourceTree = "<group>"; };
		4DA369872A88748900DCEB1F /* LoadingHud.swift */ = {isa = PBXFileReference; fileEncoding = 4; lastKnownFileType = sourcecode.swift; path = LoadingHud.swift; sourceTree = "<group>"; };
		4DA369892A88748900DCEB1F /* UIFont+.swift */ = {isa = PBXFileReference; fileEncoding = 4; lastKnownFileType = sourcecode.swift; path = "UIFont+.swift"; sourceTree = "<group>"; };
		4DA3698A2A88748900DCEB1F /* UIImageView+.swift */ = {isa = PBXFileReference; fileEncoding = 4; lastKnownFileType = sourcecode.swift; path = "UIImageView+.swift"; sourceTree = "<group>"; };
		4DA3698B2A88748900DCEB1F /* UIViewController+.swift */ = {isa = PBXFileReference; fileEncoding = 4; lastKnownFileType = sourcecode.swift; path = "UIViewController+.swift"; sourceTree = "<group>"; };
		4DA3698C2A88748900DCEB1F /* UICollectionView+.swift */ = {isa = PBXFileReference; fileEncoding = 4; lastKnownFileType = sourcecode.swift; path = "UICollectionView+.swift"; sourceTree = "<group>"; };
		4DA3698D2A88748900DCEB1F /* Date+.swift */ = {isa = PBXFileReference; fileEncoding = 4; lastKnownFileType = sourcecode.swift; path = "Date+.swift"; sourceTree = "<group>"; };
		4DA3698E2A88748900DCEB1F /* UIApplication+.swift */ = {isa = PBXFileReference; fileEncoding = 4; lastKnownFileType = sourcecode.swift; path = "UIApplication+.swift"; sourceTree = "<group>"; };
		4DA369902A88748900DCEB1F /* Constant.swift */ = {isa = PBXFileReference; fileEncoding = 4; lastKnownFileType = sourcecode.swift; path = Constant.swift; sourceTree = "<group>"; };
		4DA369912A88748900DCEB1F /* Storyboard.swift */ = {isa = PBXFileReference; fileEncoding = 4; lastKnownFileType = sourcecode.swift; path = Storyboard.swift; sourceTree = "<group>"; };
		4DA369922A88748900DCEB1F /* EnumDefine.swift */ = {isa = PBXFileReference; fileEncoding = 4; lastKnownFileType = sourcecode.swift; path = EnumDefine.swift; sourceTree = "<group>"; };
		4DA369932A88748900DCEB1F /* AppConfig.swift */ = {isa = PBXFileReference; fileEncoding = 4; lastKnownFileType = sourcecode.swift; path = AppConfig.swift; sourceTree = "<group>"; };
		4DA369952A88748900DCEB1F /* LocalizableString.swift */ = {isa = PBXFileReference; fileEncoding = 4; lastKnownFileType = sourcecode.swift; path = LocalizableString.swift; sourceTree = "<group>"; };
		4DA369962A88748900DCEB1F /* Log.swift */ = {isa = PBXFileReference; fileEncoding = 4; lastKnownFileType = sourcecode.swift; path = Log.swift; sourceTree = "<group>"; };
		4DA369972A88748900DCEB1F /* ViewManager.swift */ = {isa = PBXFileReference; fileEncoding = 4; lastKnownFileType = sourcecode.swift; path = ViewManager.swift; sourceTree = "<group>"; };
		4DA369982A88748900DCEB1F /* AppShareData.swift */ = {isa = PBXFileReference; fileEncoding = 4; lastKnownFileType = sourcecode.swift; path = AppShareData.swift; sourceTree = "<group>"; };
		4DA369992A88748900DCEB1F /* NumberUtil.swift */ = {isa = PBXFileReference; fileEncoding = 4; lastKnownFileType = sourcecode.swift; path = NumberUtil.swift; sourceTree = "<group>"; };
		4DA3699A2A88748900DCEB1F /* ApplicationUtil.swift */ = {isa = PBXFileReference; fileEncoding = 4; lastKnownFileType = sourcecode.swift; path = ApplicationUtil.swift; sourceTree = "<group>"; };
		4DB1C6D22A8A13550011C8DD /* API.swift */ = {isa = PBXFileReference; fileEncoding = 4; lastKnownFileType = sourcecode.swift; path = API.swift; sourceTree = "<group>"; };
		4DB1C6D32A8A13550011C8DD /* PhotoAPI.swift */ = {isa = PBXFileReference; fileEncoding = 4; lastKnownFileType = sourcecode.swift; path = PhotoAPI.swift; sourceTree = "<group>"; };
		4DB1C7262A8B00EF0011C8DD /* TopCollectionDataSource.swift */ = {isa = PBXFileReference; fileEncoding = 4; lastKnownFileType = sourcecode.swift; path = TopCollectionDataSource.swift; sourceTree = "<group>"; };
		4DB1C7282A8B00EF0011C8DD /* TopViewModel.swift */ = {isa = PBXFileReference; fileEncoding = 4; lastKnownFileType = sourcecode.swift; path = TopViewModel.swift; sourceTree = "<group>"; };
		4DB1C7292A8B00EF0011C8DD /* TopViewController.swift */ = {isa = PBXFileReference; fileEncoding = 4; lastKnownFileType = sourcecode.swift; path = TopViewController.swift; sourceTree = "<group>"; };
		4DB1C72A2A8B00EF0011C8DD /* Top.storyboard */ = {isa = PBXFileReference; fileEncoding = 4; lastKnownFileType = file.storyboard; path = Top.storyboard; sourceTree = "<group>"; };
		4DB1C72C2A8B00EF0011C8DD /* PhotoCollectionViewCell.xib */ = {isa = PBXFileReference; fileEncoding = 4; lastKnownFileType = file.xib; path = PhotoCollectionViewCell.xib; sourceTree = "<group>"; };
		4DB1C72D2A8B00EF0011C8DD /* PhotoCollectionViewCell.swift */ = {isa = PBXFileReference; fileEncoding = 4; lastKnownFileType = sourcecode.swift; path = PhotoCollectionViewCell.swift; sourceTree = "<group>"; };
		4DB1C72F2A8B00EF0011C8DD /* SettingViewController.swift */ = {isa = PBXFileReference; fileEncoding = 4; lastKnownFileType = sourcecode.swift; path = SettingViewController.swift; sourceTree = "<group>"; };
		4DB1C7302A8B00EF0011C8DD /* Setting.storyboard */ = {isa = PBXFileReference; fileEncoding = 4; lastKnownFileType = file.storyboard; path = Setting.storyboard; sourceTree = "<group>"; };
		4DB1C7322A8B00EF0011C8DD /* BaseViewController.swift */ = {isa = PBXFileReference; fileEncoding = 4; lastKnownFileType = sourcecode.swift; path = BaseViewController.swift; sourceTree = "<group>"; };
		4DB1C7332A8B00EF0011C8DD /* BaseNavigationViewController.swift */ = {isa = PBXFileReference; fileEncoding = 4; lastKnownFileType = sourcecode.swift; path = BaseNavigationViewController.swift; sourceTree = "<group>"; };
		4DB1C7342A8B00EF0011C8DD /* MainViewController.swift */ = {isa = PBXFileReference; fileEncoding = 4; lastKnownFileType = sourcecode.swift; path = MainViewController.swift; sourceTree = "<group>"; };
		4DB1C7352A8B00EF0011C8DD /* BaseView.swift */ = {isa = PBXFileReference; fileEncoding = 4; lastKnownFileType = sourcecode.swift; path = BaseView.swift; sourceTree = "<group>"; };
		4DCA25002A7F9D4D0023DBA6 /* MVPBasic.app */ = {isa = PBXFileReference; explicitFileType = wrapper.application; includeInIndex = 0; path = MVPBasic.app; sourceTree = BUILT_PRODUCTS_DIR; };
		4DCA25032A7F9D4D0023DBA6 /* AppDelegate.swift */ = {isa = PBXFileReference; lastKnownFileType = sourcecode.swift; path = AppDelegate.swift; sourceTree = "<group>"; };
		4DCA250C2A7F9D4F0023DBA6 /* Assets.xcassets */ = {isa = PBXFileReference; lastKnownFileType = folder.assetcatalog; path = Assets.xcassets; sourceTree = "<group>"; };
		4DCA250F2A7F9D4F0023DBA6 /* Base */ = {isa = PBXFileReference; lastKnownFileType = file.storyboard; name = Base; path = Base.lproj/LaunchScreen.storyboard; sourceTree = "<group>"; };
		4DCA25112A7F9D4F0023DBA6 /* Info.plist */ = {isa = PBXFileReference; lastKnownFileType = text.plist.xml; path = Info.plist; sourceTree = "<group>"; };
		8F06B29D5966D3DC71854E72 /* Pods_MVPBasic.framework */ = {isa = PBXFileReference; explicitFileType = wrapper.framework; includeInIndex = 0; path = Pods_MVPBasic.framework; sourceTree = BUILT_PRODUCTS_DIR; };
		AF95A2BF588B52644E99059D /* Pods-MVPBasic.debug.xcconfig */ = {isa = PBXFileReference; includeInIndex = 1; lastKnownFileType = text.xcconfig; name = "Pods-MVPBasic.debug.xcconfig"; path = "Target Support Files/Pods-MVPBasic/Pods-MVPBasic.debug.xcconfig"; sourceTree = "<group>"; };
		EB3C135AAA99FC57C7602278 /* Pods-MVPBasic.development.xcconfig */ = {isa = PBXFileReference; includeInIndex = 1; lastKnownFileType = text.xcconfig; name = "Pods-MVPBasic.development.xcconfig"; path = "Target Support Files/Pods-MVPBasic/Pods-MVPBasic.development.xcconfig"; sourceTree = "<group>"; };
		F5A1DC447D37F187668A5C93 /* Pods-MVPBasic.production.xcconfig */ = {isa = PBXFileReference; includeInIndex = 1; lastKnownFileType = text.xcconfig; name = "Pods-MVPBasic.production.xcconfig"; path = "Target Support Files/Pods-MVPBasic/Pods-MVPBasic.production.xcconfig"; sourceTree = "<group>"; };
/* End PBXFileReference section */

/* Begin PBXFrameworksBuildPhase section */
		4DCA24FD2A7F9D4D0023DBA6 /* Frameworks */ = {
			isa = PBXFrameworksBuildPhase;
			buildActionMask = 2147483647;
			files = (
				95FEBDCDB0ABD8B4AE861DE0 /* Pods_MVPBasic.framework in Frameworks */,
			);
			runOnlyForDeploymentPostprocessing = 0;
		};
/* End PBXFrameworksBuildPhase section */

/* Begin PBXGroup section */
		4D0CC2AB2A8126F60054D939 /* Resources */ = {
			isa = PBXGroup;
			children = (
				4D0CC2B32A8127A10054D939 /* Generated */,
				4DCA250C2A7F9D4F0023DBA6 /* Assets.xcassets */,
				4DCA250E2A7F9D4F0023DBA6 /* LaunchScreen.storyboard */,
				4D0CC2B12A8127220054D939 /* Localizable.strings */,
			);
			path = Resources;
			sourceTree = "<group>";
		};
		4D0CC2B32A8127A10054D939 /* Generated */ = {
			isa = PBXGroup;
			children = (
				4D0CC2B52A8127CB0054D939 /* Assets.swift */,
				4D0CC2B42A8127CA0054D939 /* Localizable.swift */,
			);
			path = Generated;
			sourceTree = "<group>";
		};
		4D0CC2B82A826E760054D939 /* Configs */ = {
			isa = PBXGroup;
			children = (
				4D0CC2B92A826E760054D939 /* Common.xcconfig */,
				4D0CC2BA2A826E760054D939 /* Development.xcconfig */,
				4D0CC2BB2A826E760054D939 /* Production.xcconfig */,
			);
			path = Configs;
			sourceTree = "<group>";
		};
		4DA369602A88719400DCEB1F /* Sources */ = {
			isa = PBXGroup;
			children = (
				4DB1C7232A8B00EF0011C8DD /* Screens */,
				4DB1C6D12A8A13550011C8DD /* Networks */,
				4DA369822A88748900DCEB1F /* Controls */,
				4DA3698F2A88748900DCEB1F /* Define */,
				4DA369882A88748900DCEB1F /* Extensions */,
				4DA369942A88748900DCEB1F /* Helpers */,
			);
			path = Sources;
			sourceTree = "<group>";
		};
		4DA369822A88748900DCEB1F /* Controls */ = {
			isa = PBXGroup;
			children = (
				4DA369832A88748900DCEB1F /* CollectionViewLayout */,
				4DA369852A88748900DCEB1F /* Loading */,
			);
			path = Controls;
			sourceTree = "<group>";
		};
		4DA369832A88748900DCEB1F /* CollectionViewLayout */ = {
			isa = PBXGroup;
			children = (
				4DA369842A88748900DCEB1F /* BouncyLayout.swift */,
			);
			path = CollectionViewLayout;
			sourceTree = "<group>";
		};
		4DA369852A88748900DCEB1F /* Loading */ = {
			isa = PBXGroup;
			children = (
				4DA369862A88748900DCEB1F /* LoadingCircleView.swift */,
				4DA369872A88748900DCEB1F /* LoadingHud.swift */,
			);
			path = Loading;
			sourceTree = "<group>";
		};
		4DA369882A88748900DCEB1F /* Extensions */ = {
			isa = PBXGroup;
			children = (
				4DA369892A88748900DCEB1F /* UIFont+.swift */,
				4DA3698A2A88748900DCEB1F /* UIImageView+.swift */,
				4DA3698B2A88748900DCEB1F /* UIViewController+.swift */,
				4DA3698C2A88748900DCEB1F /* UICollectionView+.swift */,
				4DA3698D2A88748900DCEB1F /* Date+.swift */,
				4DA3698E2A88748900DCEB1F /* UIApplication+.swift */,
			);
			path = Extensions;
			sourceTree = "<group>";
		};
		4DA3698F2A88748900DCEB1F /* Define */ = {
			isa = PBXGroup;
			children = (
				4DA369902A88748900DCEB1F /* Constant.swift */,
				4DA369912A88748900DCEB1F /* Storyboard.swift */,
				4DA369922A88748900DCEB1F /* EnumDefine.swift */,
				4DA369932A88748900DCEB1F /* AppConfig.swift */,
			);
			path = Define;
			sourceTree = "<group>";
		};
		4DA369942A88748900DCEB1F /* Helpers */ = {
			isa = PBXGroup;
			children = (
				4DA369952A88748900DCEB1F /* LocalizableString.swift */,
				4DA369962A88748900DCEB1F /* Log.swift */,
				4DA369972A88748900DCEB1F /* ViewManager.swift */,
				4DA369982A88748900DCEB1F /* AppShareData.swift */,
				4DA369992A88748900DCEB1F /* NumberUtil.swift */,
				4DA3699A2A88748900DCEB1F /* ApplicationUtil.swift */,
			);
			path = Helpers;
			sourceTree = "<group>";
		};
		4DB1C6D12A8A13550011C8DD /* Networks */ = {
			isa = PBXGroup;
			children = (
				4DB1C6D22A8A13550011C8DD /* API.swift */,
				4DB1C6D32A8A13550011C8DD /* PhotoAPI.swift */,
			);
			path = Networks;
			sourceTree = "<group>";
		};
		4DB1C7232A8B00EF0011C8DD /* Screens */ = {
			isa = PBXGroup;
			children = (
				4DB1C7242A8B00EF0011C8DD /* Top */,
				4DB1C72E2A8B00EF0011C8DD /* Setting */,
				4DB1C7312A8B00EF0011C8DD /* Base */,
			);
			path = Screens;
			sourceTree = "<group>";
		};
		4DB1C7242A8B00EF0011C8DD /* Top */ = {
			isa = PBXGroup;
			children = (
				4DB1C7252A8B00EF0011C8DD /* DataSources */,
				4DB1C7272A8B00EF0011C8DD /* ViewModels */,
				4DB1C7292A8B00EF0011C8DD /* TopViewController.swift */,
				4DB1C72A2A8B00EF0011C8DD /* Top.storyboard */,
				4DB1C72B2A8B00EF0011C8DD /* Views */,
			);
			path = Top;
			sourceTree = "<group>";
		};
		4DB1C7252A8B00EF0011C8DD /* DataSources */ = {
			isa = PBXGroup;
			children = (
				4DB1C7262A8B00EF0011C8DD /* TopCollectionDataSource.swift */,
			);
			path = DataSources;
			sourceTree = "<group>";
		};
		4DB1C7272A8B00EF0011C8DD /* ViewModels */ = {
			isa = PBXGroup;
			children = (
				4DB1C7282A8B00EF0011C8DD /* TopViewModel.swift */,
			);
			path = ViewModels;
			sourceTree = "<group>";
		};
		4DB1C72B2A8B00EF0011C8DD /* Views */ = {
			isa = PBXGroup;
			children = (
				4DB1C72C2A8B00EF0011C8DD /* PhotoCollectionViewCell.xib */,
				4DB1C72D2A8B00EF0011C8DD /* PhotoCollectionViewCell.swift */,
			);
			path = Views;
			sourceTree = "<group>";
		};
		4DB1C72E2A8B00EF0011C8DD /* Setting */ = {
			isa = PBXGroup;
			children = (
				4DB1C72F2A8B00EF0011C8DD /* SettingViewController.swift */,
				4DB1C7302A8B00EF0011C8DD /* Setting.storyboard */,
			);
			path = Setting;
			sourceTree = "<group>";
		};
		4DB1C7312A8B00EF0011C8DD /* Base */ = {
			isa = PBXGroup;
			children = (
				4DB1C7322A8B00EF0011C8DD /* BaseViewController.swift */,
				4DB1C7332A8B00EF0011C8DD /* BaseNavigationViewController.swift */,
				4DB1C7342A8B00EF0011C8DD /* MainViewController.swift */,
				4DB1C7352A8B00EF0011C8DD /* BaseView.swift */,
			);
			path = Base;
			sourceTree = "<group>";
		};
		4DCA24F72A7F9D4D0023DBA6 = {
			isa = PBXGroup;
			children = (
				4DCA25022A7F9D4D0023DBA6 /* MVPBasic */,
				4DCA25012A7F9D4D0023DBA6 /* Products */,
				64896DE00083D3D66C2617B5 /* Pods */,
				CC5F8AA83E3460EE26425879 /* Frameworks */,
			);
			sourceTree = "<group>";
		};
		4DCA25012A7F9D4D0023DBA6 /* Products */ = {
			isa = PBXGroup;
			children = (
				4DCA25002A7F9D4D0023DBA6 /* MVPBasic.app */,
			);
			name = Products;
			sourceTree = "<group>";
		};
		4DCA25022A7F9D4D0023DBA6 /* MVPBasic */ = {
			isa = PBXGroup;
			children = (
				4DA369602A88719400DCEB1F /* Sources */,
				4D0CC2B82A826E760054D939 /* Configs */,
				4D0CC2AB2A8126F60054D939 /* Resources */,
				4DCA25032A7F9D4D0023DBA6 /* AppDelegate.swift */,
				4DCA25112A7F9D4F0023DBA6 /* Info.plist */,
			);
			path = MVPBasic;
			sourceTree = "<group>";
		};
		64896DE00083D3D66C2617B5 /* Pods */ = {
			isa = PBXGroup;
			children = (
				AF95A2BF588B52644E99059D /* Pods-MVPBasic.debug.xcconfig */,
				103E8EEE667F112F13D1E64D /* Pods-MVPBasic.release.xcconfig */,
				EB3C135AAA99FC57C7602278 /* Pods-MVPBasic.development.xcconfig */,
				F5A1DC447D37F187668A5C93 /* Pods-MVPBasic.production.xcconfig */,
			);
			path = Pods;
			sourceTree = "<group>";
		};
		CC5F8AA83E3460EE26425879 /* Frameworks */ = {
			isa = PBXGroup;
			children = (
				8F06B29D5966D3DC71854E72 /* Pods_MVPBasic.framework */,
			);
			name = Frameworks;
			sourceTree = "<group>";
		};
/* End PBXGroup section */

/* Begin PBXNativeTarget section */
		4DCA24FF2A7F9D4D0023DBA6 /* MVPBasic */ = {
			isa = PBXNativeTarget;
			buildConfigurationList = 4DCA25142A7F9D4F0023DBA6 /* Build configuration list for PBXNativeTarget "MVPBasic" */;
			buildPhases = (
				CEAEF5C35AE42F62C344EC67 /* [CP] Check Pods Manifest.lock */,
				4DCA24FC2A7F9D4D0023DBA6 /* Sources */,
				4DCA24FD2A7F9D4D0023DBA6 /* Frameworks */,
				4DCA24FE2A7F9D4D0023DBA6 /* Resources */,
				08CC2C8B140CD35C9FED38F8 /* [CP] Embed Pods Frameworks */,
				4D0CC2AA2A8126DB0054D939 /* SwiftGen */,
			);
			buildRules = (
			);
			dependencies = (
			);
			name = MVPBasic;
			productName = MVPBasic;
			productReference = 4DCA25002A7F9D4D0023DBA6 /* MVPBasic.app */;
			productType = "com.apple.product-type.application";
		};
/* End PBXNativeTarget section */

/* Begin PBXProject section */
		4DCA24F82A7F9D4D0023DBA6 /* Project object */ = {
			isa = PBXProject;
			attributes = {
				BuildIndependentTargetsInParallel = 1;
				LastSwiftUpdateCheck = 1410;
				LastUpgradeCheck = 1410;
				TargetAttributes = {
					4DCA24FF2A7F9D4D0023DBA6 = {
						CreatedOnToolsVersion = 14.1;
					};
				};
			};
			buildConfigurationList = 4DCA24FB2A7F9D4D0023DBA6 /* Build configuration list for PBXProject "MVPBasic" */;
			compatibilityVersion = "Xcode 14.0";
			developmentRegion = en;
			hasScannedForEncodings = 0;
			knownRegions = (
				en,
				Base,
				ja,
			);
			mainGroup = 4DCA24F72A7F9D4D0023DBA6;
			productRefGroup = 4DCA25012A7F9D4D0023DBA6 /* Products */;
			projectDirPath = "";
			projectRoot = "";
			targets = (
				4DCA24FF2A7F9D4D0023DBA6 /* MVPBasic */,
			);
		};
/* End PBXProject section */

/* Begin PBXResourcesBuildPhase section */
		4DCA24FE2A7F9D4D0023DBA6 /* Resources */ = {
			isa = PBXResourcesBuildPhase;
			buildActionMask = 2147483647;
			files = (
				4D0CC2BD2A826E760054D939 /* Development.xcconfig in Resources */,
				4D0CC2BC2A826E760054D939 /* Common.xcconfig in Resources */,
				4D0CC2BE2A826E760054D939 /* Production.xcconfig in Resources */,
				4DCA25102A7F9D4F0023DBA6 /* LaunchScreen.storyboard in Resources */,
				4D0CC2AF2A8127220054D939 /* Localizable.strings in Resources */,
				4DB1C73D2A8B00EF0011C8DD /* Setting.storyboard in Resources */,
				4DB1C73A2A8B00EF0011C8DD /* PhotoCollectionViewCell.xib in Resources */,
				4DCA250D2A7F9D4F0023DBA6 /* Assets.xcassets in Resources */,
				4DB1C7392A8B00EF0011C8DD /* Top.storyboard in Resources */,
			);
			runOnlyForDeploymentPostprocessing = 0;
		};
/* End PBXResourcesBuildPhase section */

/* Begin PBXShellScriptBuildPhase section */
		08CC2C8B140CD35C9FED38F8 /* [CP] Embed Pods Frameworks */ = {
			isa = PBXShellScriptBuildPhase;
			buildActionMask = 2147483647;
			files = (
			);
			inputFileListPaths = (
				"${PODS_ROOT}/Target Support Files/Pods-MVPBasic/Pods-MVPBasic-frameworks-${CONFIGURATION}-input-files.xcfilelist",
			);
			name = "[CP] Embed Pods Frameworks";
			outputFileListPaths = (
				"${PODS_ROOT}/Target Support Files/Pods-MVPBasic/Pods-MVPBasic-frameworks-${CONFIGURATION}-output-files.xcfilelist",
			);
			runOnlyForDeploymentPostprocessing = 0;
			shellPath = /bin/sh;
			shellScript = "\"${PODS_ROOT}/Target Support Files/Pods-MVPBasic/Pods-MVPBasic-frameworks.sh\"\n";
			showEnvVarsInLog = 0;
		};
		4D0CC2AA2A8126DB0054D939 /* SwiftGen */ = {
			isa = PBXShellScriptBuildPhase;
			buildActionMask = 2147483647;
			files = (
			);
			inputFileListPaths = (
			);
			inputPaths = (
			);
			name = SwiftGen;
			outputFileListPaths = (
			);
			outputPaths = (
			);
			runOnlyForDeploymentPostprocessing = 0;
			shellPath = /bin/sh;
			shellScript = "# Type a script or drag a script file from your workspace to insert its path.\nif [[ -f \"${PODS_ROOT}/SwiftGen/bin/swiftgen\" ]]; then\n  $PODS_ROOT/SwiftGen/bin/swiftgen config run --config Scripts/swiftgen.yml\nelse\n  echo \"warning: SwiftGen is not installed. Run 'pod install --repo-update' to install it.\"\nfi\n";
		};
		CEAEF5C35AE42F62C344EC67 /* [CP] Check Pods Manifest.lock */ = {
			isa = PBXShellScriptBuildPhase;
			buildActionMask = 2147483647;
			files = (
			);
			inputFileListPaths = (
			);
			inputPaths = (
				"${PODS_PODFILE_DIR_PATH}/Podfile.lock",
				"${PODS_ROOT}/Manifest.lock",
			);
			name = "[CP] Check Pods Manifest.lock";
			outputFileListPaths = (
			);
			outputPaths = (
				"$(DERIVED_FILE_DIR)/Pods-MVPBasic-checkManifestLockResult.txt",
			);
			runOnlyForDeploymentPostprocessing = 0;
			shellPath = /bin/sh;
			shellScript = "diff \"${PODS_PODFILE_DIR_PATH}/Podfile.lock\" \"${PODS_ROOT}/Manifest.lock\" > /dev/null\nif [ $? != 0 ] ; then\n    # print error to STDERR\n    echo \"error: The sandbox is not in sync with the Podfile.lock. Run 'pod install' or update your CocoaPods installation.\" >&2\n    exit 1\nfi\n# This output is used by Xcode 'outputs' to avoid re-running this script phase.\necho \"SUCCESS\" > \"${SCRIPT_OUTPUT_FILE_0}\"\n";
			showEnvVarsInLog = 0;
		};
/* End PBXShellScriptBuildPhase section */

/* Begin PBXSourcesBuildPhase section */
		4DCA24FC2A7F9D4D0023DBA6 /* Sources */ = {
			isa = PBXSourcesBuildPhase;
			buildActionMask = 2147483647;
			files = (
				4DB1C7362A8B00EF0011C8DD /* TopCollectionDataSource.swift in Sources */,
				4DA369A22A88748900DCEB1F /* UIImageView+.swift in Sources */,
				4DA369A82A88748900DCEB1F /* Storyboard.swift in Sources */,
				4DB1C7412A8B00EF0011C8DD /* BaseView.swift in Sources */,
				4DB1C73F2A8B00EF0011C8DD /* BaseNavigationViewController.swift in Sources */,
				4DA369AF2A88748900DCEB1F /* NumberUtil.swift in Sources */,
				4DB1C73E2A8B00EF0011C8DD /* BaseViewController.swift in Sources */,
				4DB1C7372A8B00EF0011C8DD /* TopViewModel.swift in Sources */,
				4DB1C73C2A8B00EF0011C8DD /* SettingViewController.swift in Sources */,
				4DB1C6D52A8A13550011C8DD /* PhotoAPI.swift in Sources */,
				4DA369AD2A88748900DCEB1F /* ViewManager.swift in Sources */,
				4DA369A12A88748900DCEB1F /* UIFont+.swift in Sources */,
				4DA369A62A88748900DCEB1F /* UIApplication+.swift in Sources */,
				4DB1C7402A8B00EF0011C8DD /* MainViewController.swift in Sources */,
				4DA369A42A88748900DCEB1F /* UICollectionView+.swift in Sources */,
				4DA369A52A88748900DCEB1F /* Date+.swift in Sources */,
				4DA369AE2A88748900DCEB1F /* AppShareData.swift in Sources */,
				4DA369A32A88748900DCEB1F /* UIViewController+.swift in Sources */,
				4DA369A72A88748900DCEB1F /* Constant.swift in Sources */,
				4DA3699F2A88748900DCEB1F /* LoadingCircleView.swift in Sources */,
				4DA369AA2A88748900DCEB1F /* AppConfig.swift in Sources */,
				4DA369A02A88748900DCEB1F /* LoadingHud.swift in Sources */,
				4DB1C73B2A8B00EF0011C8DD /* PhotoCollectionViewCell.swift in Sources */,
				4DA369A92A88748900DCEB1F /* EnumDefine.swift in Sources */,
				4DA369AB2A88748900DCEB1F /* LocalizableString.swift in Sources */,
				4DB1C7382A8B00EF0011C8DD /* TopViewController.swift in Sources */,
				4DA369AC2A88748900DCEB1F /* Log.swift in Sources */,
				4DCA25042A7F9D4D0023DBA6 /* AppDelegate.swift in Sources */,
				4DA3699E2A88748900DCEB1F /* BouncyLayout.swift in Sources */,
				4D0CC2B62A8127CB0054D939 /* Localizable.swift in Sources */,
				4DA369B02A88748900DCEB1F /* ApplicationUtil.swift in Sources */,
				4DB1C6D42A8A13550011C8DD /* API.swift in Sources */,
				4D0CC2B72A8127CB0054D939 /* Assets.swift in Sources */,
			);
			runOnlyForDeploymentPostprocessing = 0;
		};
/* End PBXSourcesBuildPhase section */

/* Begin PBXVariantGroup section */
		4D0CC2B12A8127220054D939 /* Localizable.strings */ = {
			isa = PBXVariantGroup;
			children = (
				4D0CC2B02A8127220054D939 /* en */,
				4D0CC2B22A8127250054D939 /* ja */,
			);
			name = Localizable.strings;
			sourceTree = "<group>";
		};
		4DCA250E2A7F9D4F0023DBA6 /* LaunchScreen.storyboard */ = {
			isa = PBXVariantGroup;
			children = (
				4DCA250F2A7F9D4F0023DBA6 /* Base */,
			);
			name = LaunchScreen.storyboard;
			sourceTree = "<group>";
		};
/* End PBXVariantGroup section */

/* Begin XCBuildConfiguration section */
		4DCA25122A7F9D4F0023DBA6 /* Development */ = {
			isa = XCBuildConfiguration;
			baseConfigurationReference = 4D0CC2BA2A826E760054D939 /* Development.xcconfig */;
			buildSettings = {
				ALWAYS_SEARCH_USER_PATHS = NO;
				CLANG_ANALYZER_LOCALIZABILITY_NONLOCALIZED = YES;
				CLANG_ANALYZER_NONNULL = YES;
				CLANG_ANALYZER_NUMBER_OBJECT_CONVERSION = YES_AGGRESSIVE;
				CLANG_CXX_LANGUAGE_STANDARD = "gnu++20";
				CLANG_ENABLE_MODULES = YES;
				CLANG_ENABLE_OBJC_ARC = YES;
				CLANG_ENABLE_OBJC_WEAK = YES;
				CLANG_WARN_BLOCK_CAPTURE_AUTORELEASING = YES;
				CLANG_WARN_BOOL_CONVERSION = YES;
				CLANG_WARN_COMMA = YES;
				CLANG_WARN_CONSTANT_CONVERSION = YES;
				CLANG_WARN_DEPRECATED_OBJC_IMPLEMENTATIONS = YES;
				CLANG_WARN_DIRECT_OBJC_ISA_USAGE = YES_ERROR;
				CLANG_WARN_DOCUMENTATION_COMMENTS = YES;
				CLANG_WARN_EMPTY_BODY = YES;
				CLANG_WARN_ENUM_CONVERSION = YES;
				CLANG_WARN_INFINITE_RECURSION = YES;
				CLANG_WARN_INT_CONVERSION = YES;
				CLANG_WARN_NON_LITERAL_NULL_CONVERSION = YES;
				CLANG_WARN_OBJC_IMPLICIT_RETAIN_SELF = YES;
				CLANG_WARN_OBJC_LITERAL_CONVERSION = YES;
				CLANG_WARN_OBJC_ROOT_CLASS = YES_ERROR;
				CLANG_WARN_QUOTED_INCLUDE_IN_FRAMEWORK_HEADER = YES;
				CLANG_WARN_RANGE_LOOP_ANALYSIS = YES;
				CLANG_WARN_STRICT_PROTOTYPES = YES;
				CLANG_WARN_SUSPICIOUS_MOVE = YES;
				CLANG_WARN_UNGUARDED_AVAILABILITY = YES_AGGRESSIVE;
				CLANG_WARN_UNREACHABLE_CODE = YES;
				CLANG_WARN__DUPLICATE_METHOD_MATCH = YES;
				COPY_PHASE_STRIP = NO;
				DEBUG_INFORMATION_FORMAT = dwarf;
				ENABLE_STRICT_OBJC_MSGSEND = YES;
				ENABLE_TESTABILITY = YES;
				GCC_C_LANGUAGE_STANDARD = gnu11;
				GCC_DYNAMIC_NO_PIC = NO;
				GCC_NO_COMMON_BLOCKS = YES;
				GCC_OPTIMIZATION_LEVEL = 0;
				GCC_PREPROCESSOR_DEFINITIONS = (
					"DEBUG=1",
					"$(inherited)",
				);
				GCC_WARN_64_TO_32_BIT_CONVERSION = YES;
				GCC_WARN_ABOUT_RETURN_TYPE = YES_ERROR;
				GCC_WARN_UNDECLARED_SELECTOR = YES;
				GCC_WARN_UNINITIALIZED_AUTOS = YES_AGGRESSIVE;
				GCC_WARN_UNUSED_FUNCTION = YES;
				GCC_WARN_UNUSED_VARIABLE = YES;
				IPHONEOS_DEPLOYMENT_TARGET = 12.0;
				MTL_ENABLE_DEBUG_INFO = INCLUDE_SOURCE;
				MTL_FAST_MATH = YES;
				ONLY_ACTIVE_ARCH = YES;
				SDKROOT = iphoneos;
				SWIFT_ACTIVE_COMPILATION_CONDITIONS = DEBUG;
				SWIFT_OPTIMIZATION_LEVEL = "-Onone";
			};
			name = Development;
		};
		4DCA25132A7F9D4F0023DBA6 /* Production */ = {
			isa = XCBuildConfiguration;
			baseConfigurationReference = 4D0CC2BB2A826E760054D939 /* Production.xcconfig */;
			buildSettings = {
				ALWAYS_SEARCH_USER_PATHS = NO;
				CLANG_ANALYZER_LOCALIZABILITY_NONLOCALIZED = YES;
				CLANG_ANALYZER_NONNULL = YES;
				CLANG_ANALYZER_NUMBER_OBJECT_CONVERSION = YES_AGGRESSIVE;
				CLANG_CXX_LANGUAGE_STANDARD = "gnu++20";
				CLANG_ENABLE_MODULES = YES;
				CLANG_ENABLE_OBJC_ARC = YES;
				CLANG_ENABLE_OBJC_WEAK = YES;
				CLANG_WARN_BLOCK_CAPTURE_AUTORELEASING = YES;
				CLANG_WARN_BOOL_CONVERSION = YES;
				CLANG_WARN_COMMA = YES;
				CLANG_WARN_CONSTANT_CONVERSION = YES;
				CLANG_WARN_DEPRECATED_OBJC_IMPLEMENTATIONS = YES;
				CLANG_WARN_DIRECT_OBJC_ISA_USAGE = YES_ERROR;
				CLANG_WARN_DOCUMENTATION_COMMENTS = YES;
				CLANG_WARN_EMPTY_BODY = YES;
				CLANG_WARN_ENUM_CONVERSION = YES;
				CLANG_WARN_INFINITE_RECURSION = YES;
				CLANG_WARN_INT_CONVERSION = YES;
				CLANG_WARN_NON_LITERAL_NULL_CONVERSION = YES;
				CLANG_WARN_OBJC_IMPLICIT_RETAIN_SELF = YES;
				CLANG_WARN_OBJC_LITERAL_CONVERSION = YES;
				CLANG_WARN_OBJC_ROOT_CLASS = YES_ERROR;
				CLANG_WARN_QUOTED_INCLUDE_IN_FRAMEWORK_HEADER = YES;
				CLANG_WARN_RANGE_LOOP_ANALYSIS = YES;
				CLANG_WARN_STRICT_PROTOTYPES = YES;
				CLANG_WARN_SUSPICIOUS_MOVE = YES;
				CLANG_WARN_UNGUARDED_AVAILABILITY = YES_AGGRESSIVE;
				CLANG_WARN_UNREACHABLE_CODE = YES;
				CLANG_WARN__DUPLICATE_METHOD_MATCH = YES;
				COPY_PHASE_STRIP = NO;
				DEBUG_INFORMATION_FORMAT = "dwarf-with-dsym";
				ENABLE_NS_ASSERTIONS = NO;
				ENABLE_STRICT_OBJC_MSGSEND = YES;
				GCC_C_LANGUAGE_STANDARD = gnu11;
				GCC_NO_COMMON_BLOCKS = YES;
				GCC_WARN_64_TO_32_BIT_CONVERSION = YES;
				GCC_WARN_ABOUT_RETURN_TYPE = YES_ERROR;
				GCC_WARN_UNDECLARED_SELECTOR = YES;
				GCC_WARN_UNINITIALIZED_AUTOS = YES_AGGRESSIVE;
				GCC_WARN_UNUSED_FUNCTION = YES;
				GCC_WARN_UNUSED_VARIABLE = YES;
				IPHONEOS_DEPLOYMENT_TARGET = 12.0;
				MTL_ENABLE_DEBUG_INFO = NO;
				MTL_FAST_MATH = YES;
				SDKROOT = iphoneos;
				SWIFT_COMPILATION_MODE = wholemodule;
				SWIFT_OPTIMIZATION_LEVEL = "-O";
				VALIDATE_PRODUCT = YES;
			};
			name = Production;
		};
		4DCA25152A7F9D4F0023DBA6 /* Development */ = {
			isa = XCBuildConfiguration;
			baseConfigurationReference = EB3C135AAA99FC57C7602278 /* Pods-MVPBasic.development.xcconfig */;
			buildSettings = {
				ASSETCATALOG_COMPILER_APPICON_NAME = AppIcon;
				ASSETCATALOG_COMPILER_GLOBAL_ACCENT_COLOR_NAME = AccentColor;
				CODE_SIGN_STYLE = Automatic;
				CURRENT_PROJECT_VERSION = 1;
				DEVELOPMENT_TEAM = 62R3ZN8B42;
				GENERATE_INFOPLIST_FILE = YES;
				INFOPLIST_FILE = MVPBasic/Info.plist;
				INFOPLIST_KEY_UIApplicationSupportsIndirectInputEvents = YES;
				INFOPLIST_KEY_UILaunchStoryboardName = LaunchScreen;
				INFOPLIST_KEY_UIMainStoryboardFile = "";
				INFOPLIST_KEY_UISupportedInterfaceOrientations_iPad = "UIInterfaceOrientationPortrait UIInterfaceOrientationPortraitUpsideDown UIInterfaceOrientationLandscapeLeft UIInterfaceOrientationLandscapeRight";
				INFOPLIST_KEY_UISupportedInterfaceOrientations_iPhone = "UIInterfaceOrientationPortrait UIInterfaceOrientationLandscapeLeft UIInterfaceOrientationLandscapeRight";
				LD_RUNPATH_SEARCH_PATHS = (
					"$(inherited)",
					"@executable_path/Frameworks",
				);
				MARKETING_VERSION = 1.0;
				PRODUCT_BUNDLE_IDENTIFIER = com.ndtan.MVPBasic;
				PRODUCT_NAME = "$(TARGET_NAME)";
				SUPPORTED_PLATFORMS = "iphoneos iphonesimulator";
				SUPPORTS_MACCATALYST = NO;
				SUPPORTS_MAC_DESIGNED_FOR_IPHONE_IPAD = NO;
				SWIFT_EMIT_LOC_STRINGS = YES;
				SWIFT_VERSION = 5.0;
				TARGETED_DEVICE_FAMILY = 1;
			};
			name = Development;
		};
		4DCA25162A7F9D4F0023DBA6 /* Production */ = {
			isa = XCBuildConfiguration;
			baseConfigurationReference = F5A1DC447D37F187668A5C93 /* Pods-MVPBasic.production.xcconfig */;
			buildSettings = {
				ASSETCATALOG_COMPILER_APPICON_NAME = AppIcon;
				ASSETCATALOG_COMPILER_GLOBAL_ACCENT_COLOR_NAME = AccentColor;
				CODE_SIGN_STYLE = Automatic;
				CURRENT_PROJECT_VERSION = 1;
				DEVELOPMENT_TEAM = 62R3ZN8B42;
				GENERATE_INFOPLIST_FILE = YES;
				INFOPLIST_FILE = MVPBasic/Info.plist;
				INFOPLIST_KEY_UIApplicationSupportsIndirectInputEvents = YES;
				INFOPLIST_KEY_UILaunchStoryboardName = LaunchScreen;
				INFOPLIST_KEY_UIMainStoryboardFile = "";
				INFOPLIST_KEY_UISupportedInterfaceOrientations_iPad = "UIInterfaceOrientationPortrait UIInterfaceOrientationPortraitUpsideDown UIInterfaceOrientationLandscapeLeft UIInterfaceOrientationLandscapeRight";
				INFOPLIST_KEY_UISupportedInterfaceOrientations_iPhone = "UIInterfaceOrientationPortrait UIInterfaceOrientationLandscapeLeft UIInterfaceOrientationLandscapeRight";
				LD_RUNPATH_SEARCH_PATHS = (
					"$(inherited)",
					"@executable_path/Frameworks",
				);
				MARKETING_VERSION = 1.0;
				PRODUCT_BUNDLE_IDENTIFIER = com.ndtan.MVPBasic;
				PRODUCT_NAME = "$(TARGET_NAME)";
				SUPPORTED_PLATFORMS = "iphoneos iphonesimulator";
				SUPPORTS_MACCATALYST = NO;
				SUPPORTS_MAC_DESIGNED_FOR_IPHONE_IPAD = NO;
				SWIFT_EMIT_LOC_STRINGS = YES;
				SWIFT_VERSION = 5.0;
				TARGETED_DEVICE_FAMILY = 1;
			};
			name = Production;
		};
/* End XCBuildConfiguration section */

/* Begin XCConfigurationList section */
		4DCA24FB2A7F9D4D0023DBA6 /* Build configuration list for PBXProject "MVPBasic" */ = {
			isa = XCConfigurationList;
			buildConfigurations = (
				4DCA25122A7F9D4F0023DBA6 /* Development */,
				4DCA25132A7F9D4F0023DBA6 /* Production */,
			);
			defaultConfigurationIsVisible = 0;
			defaultConfigurationName = Production;
		};
		4DCA25142A7F9D4F0023DBA6 /* Build configuration list for PBXNativeTarget "MVPBasic" */ = {
			isa = XCConfigurationList;
			buildConfigurations = (
				4DCA25152A7F9D4F0023DBA6 /* Development */,
				4DCA25162A7F9D4F0023DBA6 /* Production */,
			);
			defaultConfigurationIsVisible = 0;
			defaultConfigurationName = Production;
		};
/* End XCConfigurationList section */
	};
	rootObject = 4DCA24F82A7F9D4D0023DBA6 /* Project object */;
}
